
Microsoft Visual Studio Solution File, Format Version 12.00
# Visual Studio Version 17
VisualStudioVersion = 17.6.33829.357
MinimumVisualStudioVersion = 10.0.40219.1
Project("{FAE04EC0-301F-11D3-BF4B-00C04F79EFBC}") = "WebApi", "WebApi.csproj", "{3E2C9984-7575-4C36-8C41-99F4659909F4}"
EndProject
Global
	GlobalSection(SolutionConfigurationPlatforms) = preSolution
		Debug|Any CPU = Debug|Any CPU
		Release|Any CPU = Release|Any CPU
	EndGlobalSection
	GlobalSection(ProjectConfigurationPlatforms) = postSolution
		{3E2C9984-7575-4C36-8C41-99F4659909F4}.Debug|Any CPU.ActiveCfg = Debug|Any CPU
		{3E2C9984-7575-4C36-8C41-99F4659909F4}.Debug|Any CPU.Build.0 = Debug|Any CPU
		{3E2C9984-7575-4C36-8C41-99F4659909F4}.Release|Any CPU.ActiveCfg = Release|Any CPU
		{3E2C9984-7575-4C36-8C41-99F4659909F4}.Release|Any CPU.Build.0 = Release|Any CPU
	EndGlobalSection
	GlobalSection(SolutionProperties) = preSolution
		HideSolutionNode = FALSE
	EndGlobalSection
	GlobalSection(ExtensibilityGlobals) = postSolution
		SolutionGuid = {821D0937-E8AF-4F37-96BE-FD570B2DEBDC}
	EndGlobalSection
EndGlobal
